
Microsoft Visual Studio Solution File, Format Version 12.00
# Visual Studio Version 16
VisualStudioVersion = 16.0.30225.117
MinimumVisualStudioVersion = 10.0.40219.1
Project("{8BC9CEB8-8B4A-11D0-8D11-00A0C91BC942}") = "eggcpt", "eggcpt\eggcpt.vcxproj", "{0720CA7B-DFEE-441E-A47C-2C5884C53F69}"
EndProject
Global
	GlobalSection(SolutionConfigurationPlatforms) = preSolution
		Debug|x64 = Debug|x64
		Release with symbols|x64 = Release with symbols|x64
		Release|x64 = Release|x64
	EndGlobalSection
	GlobalSection(ProjectConfigurationPlatforms) = postSolution
		{0720CA7B-DFEE-441E-A47C-2C5884C53F69}.Debug|x64.ActiveCfg = Debug|x64
		{0720CA7B-DFEE-441E-A47C-2C5884C53F69}.Debug|x64.Build.0 = Debug|x64
		{0720CA7B-DFEE-441E-A47C-2C5884C53F69}.Release with symbols|x64.ActiveCfg = Release with symbols|x64
		{0720CA7B-DFEE-441E-A47C-2C5884C53F69}.Release with symbols|x64.Build.0 = Release with symbols|x64
		{0720CA7B-DFEE-441E-A47C-2C5884C53F69}.Release|x64.ActiveCfg = Release|x64
		{0720CA7B-DFEE-441E-A47C-2C5884C53F69}.Release|x64.Build.0 = Release|x64
	EndGlobalSection
	GlobalSection(SolutionProperties) = preSolution
		HideSolutionNode = FALSE
	EndGlobalSection
	GlobalSection(ExtensibilityGlobals) = postSolution
		SolutionGuid = {8E54280A-F900-430E-911E-858CAE1809C8}
	EndGlobalSection
EndGlobal
