<?xml version="1.0" encoding="utf-8"?>
<Project ToolsVersion="4.0" xmlns="http://schemas.microsoft.com/developer/msbuild/2003">
  <ItemGroup>
    <Filter Include="Source Files">
      <UniqueIdentifier>{4FC737F1-C7A5-4376-A066-2A32D752A2FF}</UniqueIdentifier>
      <Extensions>cpp;c;cc;cxx;def;odl;idl;hpj;bat;asm;asmx</Extensions>
    </Filter>
    <Filter Include="Header Files">
      <UniqueIdentifier>{93995380-89BD-4b04-88EB-625FBE52EBFB}</UniqueIdentifier>
      <Extensions>h;hh;hpp;hxx;hm;inl;inc;ipp;xsd</Extensions>
    </Filter>
    <Filter Include="Resource Files">
      <UniqueIdentifier>{67DA6AB6-F800-4c08-8B7A-83BB121AAD01}</UniqueIdentifier>
      <Extensions>rc;ico;cur;bmp;dlg;rc2;rct;bin;rgs;gif;jpg;jpeg;jpe;resx;tiff;tif;png;wav;mfcribbon-ms</Extensions>
    </Filter>
  </ItemGroup>
  <ItemGroup>
    <ClInclude Include="shell\bit.h">
      <Filter>Header Files</Filter>
    </ClInclude>
    <ClInclude Include="shell\utility.h">
      <Filter>Header Files</Filter>
    </ClInclude>
    <ClInclude Include="shell\filesystem.h">
      <Filter>Header Files</Filter>
    </ClInclude>
    <ClInclude Include="shell\windows.h">
      <Filter>Header Files</Filter>
    </ClInclude>
    <ClInclude Include="shell\traits.h">
      <Filter>Header Files</Filter>
    </ClInclude>
    <ClInclude Include="shell\macros.h">
      <Filter>Header Files</Filter>
    </ClInclude>
    <ClInclude Include="shell\algorithm.h">
      <Filter>Header Files</Filter>
    </ClInclude>
    <ClInclude Include="shell\main.h">
      <Filter>Header Files</Filter>
    </ClInclude>
    <ClInclude Include="shell\options.h">
      <Filter>Header Files</Filter>
    </ClInclude>
    <ClInclude Include="shell\errors.h">
      <Filter>Header Files</Filter>
    </ClInclude>
    <ClInclude Include="shell\locale.h">
      <Filter>Header Files</Filter>
    </ClInclude>
    <ClInclude Include="shell\int.h">
      <Filter>Header Files</Filter>
    </ClInclude>
    <ClInclude Include="shell\log\all.h">
      <Filter>Header Files</Filter>
    </ClInclude>
    <ClInclude Include="shell\log\debug.h">
      <Filter>Header Files</Filter>
    </ClInclude>
    <ClInclude Include="shell\log\error.h">
      <Filter>Header Files</Filter>
    </ClInclude>
    <ClInclude Include="shell\log\fatal.h">
      <Filter>Header Files</Filter>
    </ClInclude>
    <ClInclude Include="shell\log\info.h">
      <Filter>Header Files</Filter>
    </ClInclude>
    <ClInclude Include="shell\log\none.h">
      <Filter>Header Files</Filter>
    </ClInclude>
    <ClInclude Include="shell\log\warn.h">
      <Filter>Header Files</Filter>
    </ClInclude>
    <ClInclude Include="shell\log\sinks.h">
      <Filter>Header Files</Filter>
    </ClInclude>
    <ClInclude Include="shell\ini.h">
      <Filter>Header Files</Filter>
    </ClInclude>
    <ClInclude Include="shell\functional.h">
      <Filter>Header Files</Filter>
    </ClInclude>
    <ClInclude Include="shell\hash.h">
      <Filter>Header Files</Filter>
    </ClInclude>
    <ClInclude Include="shell\fmt\detail\begin.h">
      <Filter>Header Files</Filter>
    </ClInclude>
    <ClInclude Include="shell\fmt\detail\end.h">
      <Filter>Header Files</Filter>
    </ClInclude>
    <ClInclude Include="shell\fmt\chrono.h">
      <Filter>Header Files</Filter>
    </ClInclude>
    <ClInclude Include="shell\fmt\color.h">
      <Filter>Header Files</Filter>
    </ClInclude>
    <ClInclude Include="shell\fmt\core.h">
      <Filter>Header Files</Filter>
    </ClInclude>
    <ClInclude Include="shell\fmt\compile.h">
      <Filter>Header Files</Filter>
    </ClInclude>
    <ClInclude Include="shell\fmt\format.h">
      <Filter>Header Files</Filter>
    </ClInclude>
    <ClInclude Include="shell\fmt\locale.h">
      <Filter>Header Files</Filter>
    </ClInclude>
    <ClInclude Include="shell\fmt\os.h">
      <Filter>Header Files</Filter>
    </ClInclude>
    <ClInclude Include="shell\fmt\ostream.h">
      <Filter>Header Files</Filter>
    </ClInclude>
    <ClInclude Include="shell\fmt\posix.h">
      <Filter>Header Files</Filter>
    </ClInclude>
    <ClInclude Include="shell\fmt\ranges.h">
      <Filter>Header Files</Filter>
    </ClInclude>
    <ClInclude Include="shell\fmt\format-inl.h">
      <Filter>Header Files</Filter>
    </ClInclude>
    <ClInclude Include="shell\fmt\printf.h">
      <Filter>Header Files</Filter>
    </ClInclude>
    <ClInclude Include="shell\buffer.h">
      <Filter>Header Files</Filter>
    </ClInclude>
    <ClInclude Include="shell\detail\fmt\chrono.h">
      <Filter>Header Files</Filter>
    </ClInclude>
    <ClInclude Include="shell\detail\fmt\color.h">
      <Filter>Header Files</Filter>
    </ClInclude>
    <ClInclude Include="shell\detail\fmt\compile.h">
      <Filter>Header Files</Filter>
    </ClInclude>
    <ClInclude Include="shell\detail\fmt\core.h">
      <Filter>Header Files</Filter>
    </ClInclude>
    <ClInclude Include="shell\detail\fmt\format.h">
      <Filter>Header Files</Filter>
    </ClInclude>
    <ClInclude Include="shell\detail\fmt\format-inl.h">
      <Filter>Header Files</Filter>
    </ClInclude>
    <ClInclude Include="shell\detail\fmt\locale.h">
      <Filter>Header Files</Filter>
    </ClInclude>
    <ClInclude Include="shell\detail\fmt\os.h">
      <Filter>Header Files</Filter>
    </ClInclude>
    <ClInclude Include="shell\detail\fmt\ostream.h">
      <Filter>Header Files</Filter>
    </ClInclude>
    <ClInclude Include="shell\detail\fmt\printf.h">
      <Filter>Header Files</Filter>
    </ClInclude>
    <ClInclude Include="shell\detail\fmt\ranges.h">
      <Filter>Header Files</Filter>
    </ClInclude>
    <ClInclude Include="shell\fmt.h">
      <Filter>Header Files</Filter>
    </ClInclude>
    <ClInclude Include="shell\parse.h">
      <Filter>Header Files</Filter>
    </ClInclude>
    <ClInclude Include="shell\predef.h">
      <Filter>Header Files</Filter>
    </ClInclude>
    <ClInclude Include="shell\ringbuffer.h">
      <Filter>Header Files</Filter>
    </ClInclude>
    <ClInclude Include="shell\ranges.h">
      <Filter>Header Files</Filter>
    </ClInclude>
    <ClInclude Include="shell\mp.h">
      <Filter>Header Files</Filter>
    </ClInclude>
  </ItemGroup>
  <ItemGroup>
    <None Include="shell\detail\fmt\LICENSE" />
  </ItemGroup>
</Project>